[[package]]
name = "atomicwrites"
version = "1.3.0"
description = "Atomic file writes."
category = "main"
optional = false
python-versions = ">=2.7, !=3.0.*, !=3.1.*, !=3.2.*, !=3.3.*"

[[package]]
name = "mutagen"
version = "1.42.0"
description = "read and write audio tags for many formats"
category = "main"
optional = false
python-versions = "*"

[[package]]
name = "portalocker"
version = "1.4.0"
description = "Wraps the portalocker recipe for easy usage"
category = "main"
optional = false
python-versions = "*"

[package.dependencies]
pypiwin32 = {version = "*", markers = "platform_system == \"Windows\""}

[package.extras]
docs = ["sphinx (>=1.7.1)"]
tests = ["flake8 (>=3.5.0)", "pytest (>=3.4.0)", "pytest-cache (>=1.0)", "pytest-cov (>=2.5.1)", "pytest-flakes (>=2.0.0)", "pytest-pep8 (>=1.0.6)", "sphinx (>=1.7.1)"]

[[package]]
name = "psutil"
version = "5.6.6"
description = "Cross-platform lib for process and system monitoring in Python."
category = "main"
optional = false
python-versions = ">=2.6, !=3.0.*, !=3.1.*, !=3.2.*, !=3.3.*"

[package.extras]
enum = ["enum34"]

[[package]]
name = "pypiwin32"
version = "223"
description = ""
category = "main"
optional = false
python-versions = "*"

[package.dependencies]
pywin32 = ">=223"

[[package]]
name = "python-mpv"
version = "0.3.9"
description = "A python interface to the mpv media player"
category = "main"
optional = false
python-versions = "*"

[package.extras]
screenshot_raw = ["pillow"]

[[package]]
name = "pywin32"
version = "301"
description = "Python for Window Extensions"
category = "main"
optional = false
python-versions = "*"

[metadata]
lock-version = "1.1"
python-versions = "^3.7"
content-hash = "70e8d0ff548ebf60debf7922d5685c7f4bc4c503ef798eb9e2df05c82124391e"

[metadata.files]
atomicwrites = [
    {file = "atomicwrites-1.3.0-py2.py3-none-any.whl", hash = "sha256:03472c30eb2c5d1ba9227e4c2ca66ab8287fbfbbda3888aa93dc2e28fc6811b4"},
    {file = "atomicwrites-1.3.0.tar.gz", hash = "sha256:75a9445bac02d8d058d5e1fe689654ba5a6556a1dfd8ce6ec55a0ed79866cfa6"},
]
mutagen = [
    {file = "mutagen-1.42.0.tar.gz", hash = "sha256:bb61e2456f59a9a4a259fbc08def6d01ba45a42da8eeaa97d00633b0ec5de71c"},
]
portalocker = [
    {file = "portalocker-1.4.0-py2.py3-none-any.whl", hash = "sha256:d98cdcdbd8c590ee4c93fb4149b2e76030ea6c36d6fdfec122e6656ebf90086f"},
    {file = "portalocker-1.4.0.tar.gz", hash = "sha256:3fb35648a9e03f267e54c6186513abbd1cdd321c305502545a3550eea8b2923f"},
]
psutil = [
    {file = "psutil-5.6.6-cp27-none-win32.whl", hash = "sha256:06660136ab88762309775fd47290d7da14094422d915f0466e0adf8e4b22214e"},
    {file = "psutil-5.6.6-cp27-none-win_amd64.whl", hash = "sha256:f21a7bb4b207e4e7c60b3c40ffa89d790997619f04bbecec9db8e3696122bc78"},
    {file = "psutil-5.6.6-cp35-cp35m-win32.whl", hash = "sha256:5e8dbf31871b0072bcba8d1f2861c0ec6c84c78f13c723bb6e981bce51b58f12"},
    {file = "psutil-5.6.6-cp35-cp35m-win_amd64.whl", hash = "sha256:724390895cff80add7a1c4e7e0a04d9c94f3ee61423a2dcafd83784fabbd1ee9"},
    {file = "psutil-5.6.6-cp36-cp36m-win32.whl", hash = "sha256:6d81b9714791ef9a3a00b2ca846ee547fc5e53d259e2a6258c3d2054928039ff"},
    {file = "psutil-5.6.6-cp36-cp36m-win_amd64.whl", hash = "sha256:3004361c6b93dbad71330d992c1ae409cb8314a6041a0b67507cc882357f583e"},
    {file = "psutil-5.6.6-cp37-cp37m-win32.whl", hash = "sha256:0fc7a5619b47f74331add476fbc6022d7ca801c22865c7069ec0867920858963"},
    {file = "psutil-5.6.6-cp37-cp37m-win_amd64.whl", hash = "sha256:f60042bef7dc50a78c06334ca8e25580455948ba2fa98f240d034a4fed9141a5"},
    {file = "psutil-5.6.6-cp38-cp38-win32.whl", hash = "sha256:0c11adde31011a286197630ba2671e34651f004cc418d30ae06d2033a43c9e20"},
    {file = "psutil-5.6.6-cp38-cp38-win_amd64.whl", hash = "sha256:0c211eec4185725847cb6c28409646c7cfa56fdb531014b35f97b5dc7fe04ff9"},
    {file = "psutil-5.6.6.tar.gz", hash = "sha256:ad21281f7bd6c57578dd53913d2d44218e9e29fd25128d10ff7819ef16fa46e7"},
]
pypiwin32 = [
    {file = "pypiwin32-223-py3-none-any.whl", hash = "sha256:67adf399debc1d5d14dffc1ab5acacb800da569754fafdc576b2a039485aa775"},
    {file = "pypiwin32-223.tar.gz", hash = "sha256:71be40c1fbd28594214ecaecb58e7aa8b708eabfa0125c8a109ebd51edbd776a"},
]
python-mpv = [
    {file = "python-mpv-0.3.9.tar.gz", hash = "sha256:13dbbbcbd996afda37163cae6d4cbad0ef510188e467b16bc50aadc2a2cbdd52"},
]
pywin32 = [
    {file = "pywin32-301-cp35-cp35m-win32.whl", hash = "sha256:93367c96e3a76dfe5003d8291ae16454ca7d84bb24d721e0b74a07610b7be4a7"},
    {file = "pywin32-301-cp35-cp35m-win_amd64.whl", hash = "sha256:9635df6998a70282bd36e7ac2a5cef9ead1627b0a63b17c731312c7a0daebb72"},
    {file = "pywin32-301-cp36-cp36m-win32.whl", hash = "sha256:c866f04a182a8cb9b7855de065113bbd2e40524f570db73ef1ee99ff0a5cc2f0"},
    {file = "pywin32-301-cp36-cp36m-win_amd64.whl", hash = "sha256:dafa18e95bf2a92f298fe9c582b0e205aca45c55f989937c52c454ce65b93c78"},
    {file = "pywin32-301-cp37-cp37m-win32.whl", hash = "sha256:98f62a3f60aa64894a290fb7494bfa0bfa0a199e9e052e1ac293b2ad3cd2818b"},
    {file = "pywin32-301-cp37-cp37m-win_amd64.whl", hash = "sha256:fb3b4933e0382ba49305cc6cd3fb18525df7fd96aa434de19ce0878133bf8e4a"},
    {file = "pywin32-301-cp38-cp38-win32.whl", hash = "sha256:88981dd3cfb07432625b180f49bf4e179fb8cbb5704cd512e38dd63636af7a17"},
    {file = "pywin32-301-cp38-cp38-win_amd64.whl", hash = "sha256:8c9d33968aa7fcddf44e47750e18f3d034c3e443a707688a008a2e52bbef7e96"},
    {file = "pywin32-301-cp39-cp39-win32.whl", hash = "sha256:595d397df65f1b2e0beaca63a883ae6d8b6df1cdea85c16ae85f6d2e648133fe"},
    {file = "pywin32-301-cp39-cp39-win_amd64.whl", hash = "sha256:87604a4087434cd814ad8973bd47d6524bd1fa9e971ce428e76b62a5e0860fdf"},
]
